// !$*UTF8*$!
{
	archiveVersion = 1;
	classes = {
	};
	objectVersion = 45;
	objects = {

/* Begin PBXBuildFile section */
		1D3623260D0F684500981E51 /* TestAppDelegate.m in Sources */ = {isa = PBXBuildFile; fileRef = 1D3623250D0F684500981E51 /* TestAppDelegate.m */; };
		1D60589B0D05DD56006BFB54 /* main.m in Sources */ = {isa = PBXBuildFile; fileRef = 29B97316FDCFA39411CA2CEA /* main.m */; };
		1D60589F0D05DD5A006BFB54 /* Foundation.framework in Frameworks */ = {isa = PBXBuildFile; fileRef = 1D30AB110D05D00D00671497 /* Foundation.framework */; };
		1DF5F4E00D08C38300B7A737 /* UIKit.framework in Frameworks */ = {isa = PBXBuildFile; fileRef = 1DF5F4DF0D08C38300B7A737 /* UIKit.framework */; };
		288765A50DF7441C002DB57D /* CoreGraphics.framework in Frameworks */ = {isa = PBXBuildFile; fileRef = 288765A40DF7441C002DB57D /* CoreGraphics.framework */; };
		2899E5220DE3E06400AC0155 /* TestViewController.xib in Resources */ = {isa = PBXBuildFile; fileRef = 2899E5210DE3E06400AC0155 /* TestViewController.xib */; };
		28AD733F0D9D9553002E5188 /* MainWindow.xib in Resources */ = {isa = PBXBuildFile; fileRef = 28AD733E0D9D9553002E5188 /* MainWindow.xib */; };
		28D7ACF80DDB3853001CB0EB /* TestViewController.m in Sources */ = {isa = PBXBuildFile; fileRef = 28D7ACF70DDB3853001CB0EB /* TestViewController.m */; };
		F83FEDFE11D7FC7200C6411C /* Twitter.strings in Resources */ = {isa = PBXBuildFile; fileRef = F83FEDFC11D7FC7200C6411C /* Twitter.strings */; };
		F8733C491193C50700680E83 /* TwitterClouds.png in Resources */ = {isa = PBXBuildFile; fileRef = F8733C481193C50700680E83 /* TwitterClouds.png */; };
		F8BC11F7119270670065FCB5 /* TwitterComposeViewController.m in Sources */ = {isa = PBXBuildFile; fileRef = F8BC11E6119270670065FCB5 /* TwitterComposeViewController.m */; };
		F8BC11F8119270670065FCB5 /* TwitterComposeViewController.xib in Resources */ = {isa = PBXBuildFile; fileRef = F8BC11E7119270670065FCB5 /* TwitterComposeViewController.xib */; };
		F8BC11F9119270670065FCB5 /* TwitterAuthenticator.m in Sources */ = {isa = PBXBuildFile; fileRef = F8BC11E9119270670065FCB5 /* TwitterAuthenticator.m */; };
		F8BC11FA119270670065FCB5 /* TwitterConsumer.m in Sources */ = {isa = PBXBuildFile; fileRef = F8BC11EB119270670065FCB5 /* TwitterConsumer.m */; };
		F8BC11FB119270670065FCB5 /* TwitterLoginViewController.m in Sources */ = {isa = PBXBuildFile; fileRef = F8BC11ED119270670065FCB5 /* TwitterLoginViewController.m */; };
		F8BC11FC119270670065FCB5 /* TwitterLoginViewController.xib in Resources */ = {isa = PBXBuildFile; fileRef = F8BC11EE119270670065FCB5 /* TwitterLoginViewController.xib */; };
		F8BC11FD119270670065FCB5 /* TwitterRequest.m in Sources */ = {isa = PBXBuildFile; fileRef = F8BC11F0119270670065FCB5 /* TwitterRequest.m */; };
		F8BC11FE119270670065FCB5 /* TwitterToken.m in Sources */ = {isa = PBXBuildFile; fileRef = F8BC11F2119270670065FCB5 /* TwitterToken.m */; };
		F8BC11FF119270670065FCB5 /* TwitterTweetPoster.m in Sources */ = {isa = PBXBuildFile; fileRef = F8BC11F4119270670065FCB5 /* TwitterTweetPoster.m */; };
		F8BC1200119270670065FCB5 /* TwitterUtils.m in Sources */ = {isa = PBXBuildFile; fileRef = F8BC11F6119270670065FCB5 /* TwitterUtils.m */; };
/* End PBXBuildFile section */

/* Begin PBXFileReference section */
		1D30AB110D05D00D00671497 /* Foundation.framework */ = {isa = PBXFileReference; lastKnownFileType = wrapper.framework; name = Foundation.framework; path = System/Library/Frameworks/Foundation.framework; sourceTree = SDKROOT; };
		1D3623240D0F684500981E51 /* TestAppDelegate.h */ = {isa = PBXFileReference; fileEncoding = 4; lastKnownFileType = sourcecode.c.h; path = TestAppDelegate.h; sourceTree = "<group>"; };
		1D3623250D0F684500981E51 /* TestAppDelegate.m */ = {isa = PBXFileReference; fileEncoding = 4; lastKnownFileType = sourcecode.c.objc; path = TestAppDelegate.m; sourceTree = "<group>"; };
		1D6058910D05DD3D006BFB54 /* Test.app */ = {isa = PBXFileReference; explicitFileType = wrapper.application; includeInIndex = 0; path = Test.app; sourceTree = BUILT_PRODUCTS_DIR; };
		1DF5F4DF0D08C38300B7A737 /* UIKit.framework */ = {isa = PBXFileReference; lastKnownFileType = wrapper.framework; name = UIKit.framework; path = System/Library/Frameworks/UIKit.framework; sourceTree = SDKROOT; };
		288765A40DF7441C002DB57D /* CoreGraphics.framework */ = {isa = PBXFileReference; lastKnownFileType = wrapper.framework; name = CoreGraphics.framework; path = System/Library/Frameworks/CoreGraphics.framework; sourceTree = SDKROOT; };
		2899E5210DE3E06400AC0155 /* TestViewController.xib */ = {isa = PBXFileReference; lastKnownFileType = file.xib; name = TestViewController.xib; path = ../TestViewController.xib; sourceTree = "<group>"; };
		28AD733E0D9D9553002E5188 /* MainWindow.xib */ = {isa = PBXFileReference; lastKnownFileType = file.xib; path = MainWindow.xib; sourceTree = "<group>"; };
		28D7ACF60DDB3853001CB0EB /* TestViewController.h */ = {isa = PBXFileReference; fileEncoding = 4; lastKnownFileType = sourcecode.c.h; path = TestViewController.h; sourceTree = "<group>"; };
		28D7ACF70DDB3853001CB0EB /* TestViewController.m */ = {isa = PBXFileReference; fileEncoding = 4; lastKnownFileType = sourcecode.c.objc; path = TestViewController.m; sourceTree = "<group>"; };
		29B97316FDCFA39411CA2CEA /* main.m */ = {isa = PBXFileReference; fileEncoding = 4; lastKnownFileType = sourcecode.c.objc; path = main.m; sourceTree = "<group>"; };
		32CA4F630368D1EE00C91783 /* Test_Prefix.pch */ = {isa = PBXFileReference; fileEncoding = 4; lastKnownFileType = sourcecode.c.h; path = Test_Prefix.pch; sourceTree = "<group>"; };
		8D1107310486CEB800E47090 /* Test-Info.plist */ = {isa = PBXFileReference; fileEncoding = 4; lastKnownFileType = text.plist.xml; path = "Test-Info.plist"; plistStructureDefinitionIdentifier = "com.apple.xcode.plist.structure-definition.iphone.info-plist"; sourceTree = "<group>"; };
		F83FEDFD11D7FC7200C6411C /* English */ = {isa = PBXFileReference; fileEncoding = 4; lastKnownFileType = text.plist.strings; name = English; path = ../Sources/English.lproj/Twitter.strings; sourceTree = SOURCE_ROOT; };
		F83FEDFF11D7FC7C00C6411C /* French */ = {isa = PBXFileReference; lastKnownFileType = text.plist.strings; name = French; path = ../Sources/French.lproj/Twitter.strings; sourceTree = SOURCE_ROOT; };
		F8733C481193C50700680E83 /* TwitterClouds.png */ = {isa = PBXFileReference; lastKnownFileType = image.png; name = TwitterClouds.png; path = ../Sources/TwitterClouds.png; sourceTree = SOURCE_ROOT; };
		F8BC11E5119270670065FCB5 /* TwitterComposeViewController.h */ = {isa = PBXFileReference; fileEncoding = 4; lastKnownFileType = sourcecode.c.h; name = TwitterComposeViewController.h; path = ../Sources/TwitterComposeViewController.h; sourceTree = SOURCE_ROOT; };
		F8BC11E6119270670065FCB5 /* TwitterComposeViewController.m */ = {isa = PBXFileReference; fileEncoding = 4; lastKnownFileType = sourcecode.c.objc; name = TwitterComposeViewController.m; path = ../Sources/TwitterComposeViewController.m; sourceTree = SOURCE_ROOT; };
		F8BC11E7119270670065FCB5 /* TwitterComposeViewController.xib */ = {isa = PBXFileReference; lastKnownFileType = file.xib; name = TwitterComposeViewController.xib; path = ../Sources/TwitterComposeViewController.xib; sourceTree = SOURCE_ROOT; };
		F8BC11E8119270670065FCB5 /* TwitterAuthenticator.h */ = {isa = PBXFileReference; fileEncoding = 4; lastKnownFileType = sourcecode.c.h; name = TwitterAuthenticator.h; path = ../Sources/TwitterAuthenticator.h; sourceTree = SOURCE_ROOT; };
		F8BC11E9119270670065FCB5 /* TwitterAuthenticator.m */ = {isa = PBXFileReference; fileEncoding = 4; lastKnownFileType = sourcecode.c.objc; name = TwitterAuthenticator.m; path = ../Sources/TwitterAuthenticator.m; sourceTree = SOURCE_ROOT; };
		F8BC11EA119270670065FCB5 /* TwitterConsumer.h */ = {isa = PBXFileReference; fileEncoding = 4; lastKnownFileType = sourcecode.c.h; name = TwitterConsumer.h; path = ../Sources/TwitterConsumer.h; sourceTree = SOURCE_ROOT; };
		F8BC11EB119270670065FCB5 /* TwitterConsumer.m */ = {isa = PBXFileReference; fileEncoding = 4; lastKnownFileType = sourcecode.c.objc; name = TwitterConsumer.m; path = ../Sources/TwitterConsumer.m; sourceTree = SOURCE_ROOT; };
		F8BC11EC119270670065FCB5 /* TwitterLoginViewController.h */ = {isa = PBXFileReference; fileEncoding = 4; lastKnownFileType = sourcecode.c.h; name = TwitterLoginViewController.h; path = ../Sources/TwitterLoginViewController.h; sourceTree = SOURCE_ROOT; };
		F8BC11ED119270670065FCB5 /* TwitterLoginViewController.m */ = {isa = PBXFileReference; fileEncoding = 4; lastKnownFileType = sourcecode.c.objc; name = TwitterLoginViewController.m; path = ../Sources/TwitterLoginViewController.m; sourceTree = SOURCE_ROOT; };
		F8BC11EE119270670065FCB5 /* TwitterLoginViewController.xib */ = {isa = PBXFileReference; lastKnownFileType = file.xib; name = TwitterLoginViewController.xib; path = ../Sources/TwitterLoginViewController.xib; sourceTree = SOURCE_ROOT; };
		F8BC11EF119270670065FCB5 /* TwitterRequest.h */ = {isa = PBXFileReference; fileEncoding = 4; lastKnownFileType = sourcecode.c.h; name = TwitterRequest.h; path = ../Sources/TwitterRequest.h; sourceTree = SOURCE_ROOT; };
		F8BC11F0119270670065FCB5 /* TwitterRequest.m */ = {isa = PBXFileReference; fileEncoding = 4; lastKnownFileType = sourcecode.c.objc; name = TwitterRequest.m; path = ../Sources/TwitterRequest.m; sourceTree = SOURCE_ROOT; };
		F8BC11F1119270670065FCB5 /* TwitterToken.h */ = {isa = PBXFileReference; fileEncoding = 4; lastKnownFileType = sourcecode.c.h; name = TwitterToken.h; path = ../Sources/TwitterToken.h; sourceTree = SOURCE_ROOT; };
		F8BC11F2119270670065FCB5 /* TwitterToken.m */ = {isa = PBXFileReference; fileEncoding = 4; lastKnownFileType = sourcecode.c.objc; name = TwitterToken.m; path = ../Sources/TwitterToken.m; sourceTree = SOURCE_ROOT; };
		F8BC11F3119270670065FCB5 /* TwitterTweetPoster.h */ = {isa = PBXFileReference; fileEncoding = 4; lastKnownFileType = sourcecode.c.h; name = TwitterTweetPoster.h; path = ../Sources/TwitterTweetPoster.h; sourceTree = SOURCE_ROOT; };
		F8BC11F4119270670065FCB5 /* TwitterTweetPoster.m */ = {isa = PBXFileReference; fileEncoding = 4; lastKnownFileType = sourcecode.c.objc; name = TwitterTweetPoster.m; path = ../Sources/TwitterTweetPoster.m; sourceTree = SOURCE_ROOT; };
		F8BC11F5119270670065FCB5 /* TwitterUtils.h */ = {isa = PBXFileReference; fileEncoding = 4; lastKnownFileType = sourcecode.c.h; name = TwitterUtils.h; path = ../Sources/TwitterUtils.h; sourceTree = SOURCE_ROOT; };
		F8BC11F6119270670065FCB5 /* TwitterUtils.m */ = {isa = PBXFileReference; fileEncoding = 4; lastKnownFileType = sourcecode.c.objc; name = TwitterUtils.m; path = ../Sources/TwitterUtils.m; sourceTree = SOURCE_ROOT; };
/* End PBXFileReference section */

/* Begin PBXFrameworksBuildPhase section */
		1D60588F0D05DD3D006BFB54 /* Frameworks */ = {
			isa = PBXFrameworksBuildPhase;
			buildActionMask = 2147483647;
			files = (
				1D60589F0D05DD5A006BFB54 /* Foundation.framework in Frameworks */,
				1DF5F4E00D08C38300B7A737 /* UIKit.framework in Frameworks */,
				288765A50DF7441C002DB57D /* CoreGraphics.framework in Frameworks */,
			);
			runOnlyForDeploymentPostprocessing = 0;
		};
/* End PBXFrameworksBuildPhase section */

/* Begin PBXGroup section */
		080E96DDFE201D6D7F000001 /* Classes */ = {
			isa = PBXGroup;
			children = (
				1D3623240D0F684500981E51 /* TestAppDelegate.h */,
				1D3623250D0F684500981E51 /* TestAppDelegate.m */,
				28D7ACF60DDB3853001CB0EB /* TestViewController.h */,
				28D7ACF70DDB3853001CB0EB /* TestViewController.m */,
				2899E5210DE3E06400AC0155 /* TestViewController.xib */,
			);
			path = Classes;
			sourceTree = "<group>";
		};
		19C28FACFE9D520D11CA2CBB /* Products */ = {
			isa = PBXGroup;
			children = (
				1D6058910D05DD3D006BFB54 /* Test.app */,
			);
			name = Products;
			sourceTree = "<group>";
		};
		29B97314FDCFA39411CA2CEA /* CustomTemplate */ = {
			isa = PBXGroup;
			children = (
				F8BC11E1119270590065FCB5 /* Twitter Sources */,
				080E96DDFE201D6D7F000001 /* Classes */,
				29B97315FDCFA39411CA2CEA /* Other Sources */,
				29B97317FDCFA39411CA2CEA /* Resources */,
				29B97323FDCFA39411CA2CEA /* Frameworks */,
				19C28FACFE9D520D11CA2CBB /* Products */,
			);
			name = CustomTemplate;
			sourceTree = "<group>";
		};
		29B97315FDCFA39411CA2CEA /* Other Sources */ = {
			isa = PBXGroup;
			children = (
				32CA4F630368D1EE00C91783 /* Test_Prefix.pch */,
				29B97316FDCFA39411CA2CEA /* main.m */,
			);
			name = "Other Sources";
			sourceTree = "<group>";
		};
		29B97317FDCFA39411CA2CEA /* Resources */ = {
			isa = PBXGroup;
			children = (
				F83FEDFC11D7FC7200C6411C /* Twitter.strings */,
				28AD733E0D9D9553002E5188 /* MainWindow.xib */,
				8D1107310486CEB800E47090 /* Test-Info.plist */,
			);
			name = Resources;
			sourceTree = "<group>";
		};
		29B97323FDCFA39411CA2CEA /* Frameworks */ = {
			isa = PBXGroup;
			children = (
				1DF5F4DF0D08C38300B7A737 /* UIKit.framework */,
				1D30AB110D05D00D00671497 /* Foundation.framework */,
				288765A40DF7441C002DB57D /* CoreGraphics.framework */,
			);
			name = Frameworks;
			sourceTree = "<group>";
		};
		F8BC11E1119270590065FCB5 /* Twitter Sources */ = {
			isa = PBXGroup;
			children = (
				F8BC11E5119270670065FCB5 /* TwitterComposeViewController.h */,
				F8BC11E6119270670065FCB5 /* TwitterComposeViewController.m */,
				F8BC11E7119270670065FCB5 /* TwitterComposeViewController.xib */,
				F8BC11E8119270670065FCB5 /* TwitterAuthenticator.h */,
				F8BC11E9119270670065FCB5 /* TwitterAuthenticator.m */,
				F8BC11EA119270670065FCB5 /* TwitterConsumer.h */,
				F8BC11EB119270670065FCB5 /* TwitterConsumer.m */,
				F8BC11EC119270670065FCB5 /* TwitterLoginViewController.h */,
				F8BC11ED119270670065FCB5 /* TwitterLoginViewController.m */,
				F8BC11EE119270670065FCB5 /* TwitterLoginViewController.xib */,
				F8BC11EF119270670065FCB5 /* TwitterRequest.h */,
				F8BC11F0119270670065FCB5 /* TwitterRequest.m */,
				F8BC11F1119270670065FCB5 /* TwitterToken.h */,
				F8BC11F2119270670065FCB5 /* TwitterToken.m */,
				F8BC11F3119270670065FCB5 /* TwitterTweetPoster.h */,
				F8BC11F4119270670065FCB5 /* TwitterTweetPoster.m */,
				F8BC11F5119270670065FCB5 /* TwitterUtils.h */,
				F8BC11F6119270670065FCB5 /* TwitterUtils.m */,
				F8733C481193C50700680E83 /* TwitterClouds.png */,
			);
			name = "Twitter Sources";
			sourceTree = "<group>";
		};
/* End PBXGroup section */

/* Begin PBXNativeTarget section */
		1D6058900D05DD3D006BFB54 /* Test */ = {
			isa = PBXNativeTarget;
			buildConfigurationList = 1D6058960D05DD3E006BFB54 /* Build configuration list for PBXNativeTarget "Test" */;
			buildPhases = (
				1D60588D0D05DD3D006BFB54 /* Resources */,
				1D60588E0D05DD3D006BFB54 /* Sources */,
				1D60588F0D05DD3D006BFB54 /* Frameworks */,
			);
			buildRules = (
			);
			dependencies = (
			);
			name = Test;
			productName = Test;
			productReference = 1D6058910D05DD3D006BFB54 /* Test.app */;
			productType = "com.apple.product-type.application";
		};
/* End PBXNativeTarget section */

/* Begin PBXProject section */
		29B97313FDCFA39411CA2CEA /* Project object */ = {
			isa = PBXProject;
			buildConfigurationList = C01FCF4E08A954540054247B /* Build configuration list for PBXProject "Test" */;
			compatibilityVersion = "Xcode 3.1";
			hasScannedForEncodings = 1;
			mainGroup = 29B97314FDCFA39411CA2CEA /* CustomTemplate */;
			projectDirPath = "";
			projectRoot = "";
			targets = (
				1D6058900D05DD3D006BFB54 /* Test */,
			);
		};
/* End PBXProject section */

/* Begin PBXResourcesBuildPhase section */
		1D60588D0D05DD3D006BFB54 /* Resources */ = {
			isa = PBXResourcesBuildPhase;
			buildActionMask = 2147483647;
			files = (
				28AD733F0D9D9553002E5188 /* MainWindow.xib in Resources */,
				2899E5220DE3E06400AC0155 /* TestViewController.xib in Resources */,
				F8BC11F8119270670065FCB5 /* TwitterComposeViewController.xib in Resources */,
				F8BC11FC119270670065FCB5 /* TwitterLoginViewController.xib in Resources */,
				F8733C491193C50700680E83 /* TwitterClouds.png in Resources */,
				F83FEDFE11D7FC7200C6411C /* Twitter.strings in Resources */,
			);
			runOnlyForDeploymentPostprocessing = 0;
		};
/* End PBXResourcesBuildPhase section */

/* Begin PBXSourcesBuildPhase section */
		1D60588E0D05DD3D006BFB54 /* Sources */ = {
			isa = PBXSourcesBuildPhase;
			buildActionMask = 2147483647;
			files = (
				1D60589B0D05DD56006BFB54 /* main.m in Sources */,
				1D3623260D0F684500981E51 /* TestAppDelegate.m in Sources */,
				28D7ACF80DDB3853001CB0EB /* TestViewController.m in Sources */,
				F8BC11F7119270670065FCB5 /* TwitterComposeViewController.m in Sources */,
				F8BC11F9119270670065FCB5 /* TwitterAuthenticator.m in Sources */,
				F8BC11FA119270670065FCB5 /* TwitterConsumer.m in Sources */,
				F8BC11FB119270670065FCB5 /* TwitterLoginViewController.m in Sources */,
				F8BC11FD119270670065FCB5 /* TwitterRequest.m in Sources */,
				F8BC11FE119270670065FCB5 /* TwitterToken.m in Sources */,
				F8BC11FF119270670065FCB5 /* TwitterTweetPoster.m in Sources */,
				F8BC1200119270670065FCB5 /* TwitterUtils.m in Sources */,
			);
			runOnlyForDeploymentPostprocessing = 0;
		};
/* End PBXSourcesBuildPhase section */

/* Begin PBXVariantGroup section */
		F83FEDFC11D7FC7200C6411C /* Twitter.strings */ = {
			isa = PBXVariantGroup;
			children = (
				F83FEDFD11D7FC7200C6411C /* English */,
				F83FEDFF11D7FC7C00C6411C /* French */,
			);
			name = Twitter.strings;
			sourceTree = "<group>";
		};
/* End PBXVariantGroup section */

/* Begin XCBuildConfiguration section */
		1D6058940D05DD3E006BFB54 /* Debug */ = {
			isa = XCBuildConfiguration;
			buildSettings = {
				ALWAYS_SEARCH_USER_PATHS = NO;
				COPY_PHASE_STRIP = NO;
				GCC_DYNAMIC_NO_PIC = NO;
				GCC_OPTIMIZATION_LEVEL = 0;
				GCC_PRECOMPILE_PREFIX_HEADER = YES;
				GCC_PREFIX_HEADER = Test_Prefix.pch;
				INFOPLIST_FILE = "Test-Info.plist";
				PRODUCT_NAME = Test;
			};
			name = Debug;
		};
		1D6058950D05DD3E006BFB54 /* Release */ = {
			isa = XCBuildConfiguration;
			buildSettings = {
				ALWAYS_SEARCH_USER_PATHS = NO;
				COPY_PHASE_STRIP = YES;
				GCC_PRECOMPILE_PREFIX_HEADER = YES;
				GCC_PREFIX_HEADER = Test_Prefix.pch;
				INFOPLIST_FILE = "Test-Info.plist";
				PRODUCT_NAME = Test;
				VALIDATE_PRODUCT = YES;
			};
			name = Release;
		};
		C01FCF4F08A954540054247B /* Debug */ = {
			isa = XCBuildConfiguration;
			buildSettings = {
				ARCHS = "$(ARCHS_STANDARD_32_BIT)";
				"CODE_SIGN_IDENTITY[sdk=iphoneos*]" = "iPhone Developer";
				GCC_C_LANGUAGE_STANDARD = c99;
				GCC_WARN_ABOUT_RETURN_TYPE = YES;
				GCC_WARN_UNUSED_VARIABLE = YES;
				PREBINDING = NO;
				SDKROOT = iphoneos3.1.3;
			};
			name = Debug;
		};
		C01FCF5008A954540054247B /* Release */ = {
			isa = XCBuildConfiguration;
			buildSettings = {
				ARCHS = "$(ARCHS_STANDARD_32_BIT)";
				"CODE_SIGN_IDENTITY[sdk=iphoneos*]" = "iPhone Developer";
				GCC_C_LANGUAGE_STANDARD = c99;
				GCC_WARN_ABOUT_RETURN_TYPE = YES;
				GCC_WARN_UNUSED_VARIABLE = YES;
				OTHER_CFLAGS = "-DNS_BLOCK_ASSERTIONS=1";
				PREBINDING = NO;
				SDKROOT = iphoneos3.1.3;
			};
			name = Release;
		};
/* End XCBuildConfiguration section */

/* Begin XCConfigurationList section */
		1D6058960D05DD3E006BFB54 /* Build configuration list for PBXNativeTarget "Test" */ = {
			isa = XCConfigurationList;
			buildConfigurations = (
				1D6058940D05DD3E006BFB54 /* Debug */,
				1D6058950D05DD3E006BFB54 /* Release */,
			);
			defaultConfigurationIsVisible = 0;
			defaultConfigurationName = Release;
		};
		C01FCF4E08A954540054247B /* Build configuration list for PBXProject "Test" */ = {
			isa = XCConfigurationList;
			buildConfigurations = (
				C01FCF4F08A954540054247B /* Debug */,
				C01FCF5008A954540054247B /* Release */,
			);
			defaultConfigurationIsVisible = 0;
			defaultConfigurationName = Release;
		};
/* End XCConfigurationList section */
	};
	rootObject = 29B97313FDCFA39411CA2CEA /* Project object */;
}
